{
  "repo": "https://github.com/midatlanticAI/PreFlight.git",
  "ref": "main",
  "commit": "711d274212cb3a8673632df962c5a86976afc305",
  "syncedAt": "2026-07-26T00:00:54.038Z",
  "fileCount": 138,
  "engineDeps": [
    "acorn",
    "acorn-jsx",
    "acorn-loose",
    "jsonwebtoken"
  ],
  "entry": "server/src/preflight/engine/lib/cockpit-scan.js"
}
