{
  "repo": "https://github.com/midatlanticAI/PreFlight.git",
  "ref": "main",
  "commit": "ab137a390deea28010d03d75d43a13655d2d9e1b",
  "syncedAt": "2026-07-26T03:12:06.006Z",
  "fileCount": 138,
  "engineDeps": [
    "acorn",
    "acorn-jsx",
    "acorn-loose",
    "jsonwebtoken"
  ],
  "entry": "server/src/preflight/engine/lib/cockpit-scan.js"
}
