{
  "repo": "https://github.com/midatlanticAI/PreFlight.git",
  "ref": "main",
  "commit": "4bfd197f3e8b85dba151b951a6c052539ab6b223",
  "syncedAt": "2026-07-26T01:08:29.099Z",
  "fileCount": 138,
  "engineDeps": [
    "acorn",
    "acorn-jsx",
    "acorn-loose",
    "jsonwebtoken"
  ],
  "entry": "server/src/preflight/engine/lib/cockpit-scan.js"
}
